
Microsoft Visual Studio Solution File, Format Version 12.00
Project("{FAE04EC0-301F-11D3-BF4B-00C04F79EFBC}") = "WebApplication1", "WebApplication1\WebApplication1.csproj", "{0D7792BC-DB12-4C67-BAEE-30728E1D71BD}"
EndProject
Project("{FAE04EC0-301F-11D3-BF4B-00C04F79EFBC}") = "Test", "Test\Test.csproj", "{B1D0D87A-CFC6-40E7-B5D2-0712D80C2584}"
EndProject
Global
	GlobalSection(SolutionConfigurationPlatforms) = preSolution
		Debug|Any CPU = Debug|Any CPU
		Release|Any CPU = Release|Any CPU
	EndGlobalSection
	GlobalSection(ProjectConfigurationPlatforms) = postSolution
		{0D7792BC-DB12-4C67-BAEE-30728E1D71BD}.Debug|Any CPU.ActiveCfg = Debug|Any CPU
		{0D7792BC-DB12-4C67-BAEE-30728E1D71BD}.Debug|Any CPU.Build.0 = Debug|Any CPU
		{0D7792BC-DB12-4C67-BAEE-30728E1D71BD}.Release|Any CPU.ActiveCfg = Release|Any CPU
		{0D7792BC-DB12-4C67-BAEE-30728E1D71BD}.Release|Any CPU.Build.0 = Release|Any CPU
		{B1D0D87A-CFC6-40E7-B5D2-0712D80C2584}.Debug|Any CPU.ActiveCfg = Debug|Any CPU
		{B1D0D87A-CFC6-40E7-B5D2-0712D80C2584}.Debug|Any CPU.Build.0 = Debug|Any CPU
		{B1D0D87A-CFC6-40E7-B5D2-0712D80C2584}.Release|Any CPU.ActiveCfg = Release|Any CPU
		{B1D0D87A-CFC6-40E7-B5D2-0712D80C2584}.Release|Any CPU.Build.0 = Release|Any CPU
	EndGlobalSection
EndGlobal
