
Microsoft Visual Studio Solution File, Format Version 12.00
Project("{FAE04EC0-301F-11D3-BF4B-00C04F79EFBC}") = "WebApplication1", "WebApplication1\WebApplication1.csproj", "{0D7792BC-DB12-4C67-BAEE-30728E1D71BD}"
EndProject
Project("{FAE04EC0-301F-11D3-BF4B-00C04F79EFBC}") = "TestApplication1", "TestApplication1\TestApplication1.csproj", "{B212C441-205C-4457-9BF7-9DFB458E0873}"
EndProject
Global
	GlobalSection(SolutionConfigurationPlatforms) = preSolution
		Debug|Any CPU = Debug|Any CPU
		Release|Any CPU = Release|Any CPU
	EndGlobalSection
	GlobalSection(ProjectConfigurationPlatforms) = postSolution
		{0D7792BC-DB12-4C67-BAEE-30728E1D71BD}.Debug|Any CPU.ActiveCfg = Debug|Any CPU
		{0D7792BC-DB12-4C67-BAEE-30728E1D71BD}.Debug|Any CPU.Build.0 = Debug|Any CPU
		{0D7792BC-DB12-4C67-BAEE-30728E1D71BD}.Release|Any CPU.ActiveCfg = Release|Any CPU
		{0D7792BC-DB12-4C67-BAEE-30728E1D71BD}.Release|Any CPU.Build.0 = Release|Any CPU
		{B212C441-205C-4457-9BF7-9DFB458E0873}.Debug|Any CPU.ActiveCfg = Debug|Any CPU
		{B212C441-205C-4457-9BF7-9DFB458E0873}.Debug|Any CPU.Build.0 = Debug|Any CPU
		{B212C441-205C-4457-9BF7-9DFB458E0873}.Release|Any CPU.ActiveCfg = Release|Any CPU
		{B212C441-205C-4457-9BF7-9DFB458E0873}.Release|Any CPU.Build.0 = Release|Any CPU
	EndGlobalSection
EndGlobal
